<?xml version="1.0" encoding="utf-8"?>
<Project ToolsVersion="4.0" xmlns="http://schemas.microsoft.com/developer/msbuild/2003">
  <ItemGroup>
    <ClCompile Include="src\Camera.cpp" />
    <ClCompile Include="src\Image.cpp" />
    <ClCompile Include="src\Intersection.cpp" />
    <ClCompile Include="src\main.cpp" />
    <ClCompile Include="src\Material.cpp" />
    <ClCompile Include="src\ObjLoader.cpp" />
    <ClCompile Include="src\PolygonObject.cpp" />
    <ClCompile Include="src\Random.cpp" />
    <ClCompile Include="src\Ray.cpp" />
    <ClCompile Include="src\Renderer.cpp" />
    <ClCompile Include="src\Scene.cpp" />
    <ClCompile Include="src\Spectrum.cpp" />
    <ClCompile Include="src\Sphere.cpp" />
    <ClCompile Include="src\utils.cpp" />
    <ClCompile Include="src\Bvh.cpp" />
    <ClCompile Include="src\AABBox.cpp" />
    <ClCompile Include="src\InifinitePlane.cpp" />
  </ItemGroup>
  <ItemGroup>
    <ClInclude Include="src\Camera.hpp" />
    <ClInclude Include="src\constant.h" />
    <ClInclude Include="src\IIntersectable.hpp" />
    <ClInclude Include="src\Image.hpp" />
    <ClInclude Include="src\Intersection.hpp" />
    <ClInclude Include="src\Light.hpp" />
    <ClInclude Include="src\Material.hpp" />
    <ClInclude Include="src\ObjLoader.hpp" />
    <ClInclude Include="src\PolygonObject.hpp" />
    <ClInclude Include="src\Random.hpp" />
    <ClInclude Include="src\Ray.hpp" />
    <ClInclude Include="src\Renderer.hpp" />
    <ClInclude Include="src\Scene.hpp" />
    <ClInclude Include="src\Spectrum.hpp" />
    <ClInclude Include="src\Sphere.hpp" />
    <ClInclude Include="src\Vec.hpp" />
    <ClInclude Include="src\utils.h" />
    <ClInclude Include="src\Bvh.hpp" />
    <ClInclude Include="src\Triangle.hpp" />
    <ClInclude Include="src\AABBox.hpp" />
    <ClInclude Include="src\InifinitePlane.hpp" />
    <ClInclude Include="src\CubeMapImage.hpp" />
  </ItemGroup>
</Project>